
Microsoft Visual Studio Solution File, Format Version 12.00
# Visual Studio Version 16
VisualStudioVersion = 16.0.30204.135
MinimumVisualStudioVersion = 10.0.40219.1
Project("{FAE04EC0-301F-11D3-BF4B-00C04F79EFBC}") = "ScreensaverBase", "ScreensaverBase.csproj", "{CEF8D9BE-1CEF-49DB-A5C7-3EA96E5F4C75}"
EndProject
Global
	GlobalSection(SolutionConfigurationPlatforms) = preSolution
		Debug|Any CPU = Debug|Any CPU
		Release|Any CPU = Release|Any CPU
	EndGlobalSection
	GlobalSection(ProjectConfigurationPlatforms) = postSolution
		{CEF8D9BE-1CEF-49DB-A5C7-3EA96E5F4C75}.Debug|Any CPU.ActiveCfg = Debug|Any CPU
		{CEF8D9BE-1CEF-49DB-A5C7-3EA96E5F4C75}.Debug|Any CPU.Build.0 = Debug|Any CPU
		{CEF8D9BE-1CEF-49DB-A5C7-3EA96E5F4C75}.Release|Any CPU.ActiveCfg = Release|Any CPU
		{CEF8D9BE-1CEF-49DB-A5C7-3EA96E5F4C75}.Release|Any CPU.Build.0 = Release|Any CPU
	EndGlobalSection
	GlobalSection(SolutionProperties) = preSolution
		HideSolutionNode = FALSE
	EndGlobalSection
	GlobalSection(ExtensibilityGlobals) = postSolution
		SolutionGuid = {4F8B1CE7-6D2E-40D5-8B7A-EC5D18416EAB}
	EndGlobalSection
EndGlobal
